
Microsoft Visual Studio Solution File, Format Version 12.00
# Visual Studio 15
VisualStudioVersion = 15.0.27703.2000
MinimumVisualStudioVersion = 10.0.40219.1
Project("{FAE04EC0-301F-11D3-BF4B-00C04F79EFBC}") = "ViewModelNavigation.Android", "ViewModelNavigation\ViewModelNavigation.Android\ViewModelNavigation.Android.csproj", "{8ED7CCB5-EF0E-4F99-B5A0-AECCE5E4B917}"
EndProject
Project("{FAE04EC0-301F-11D3-BF4B-00C04F79EFBC}") = "ViewModelNavigation.iOS", "ViewModelNavigation\ViewModelNavigation.iOS\ViewModelNavigation.iOS.csproj", "{0BF5DA0F-8644-47C6-B07B-2C1C40F2B1B5}"
EndProject
Project("{FAE04EC0-301F-11D3-BF4B-00C04F79EFBC}") = "ViewModelNavigation.UWP", "ViewModelNavigation\ViewModelNavigation.UWP\ViewModelNavigation.UWP.csproj", "{25C08249-A3AE-4BF3-9A70-5859CB76855E}"
EndProject
Project("{FAE04EC0-301F-11D3-BF4B-00C04F79EFBC}") = "ViewModelNavigation", "ViewModelNavigation\ViewModelNavigation\ViewModelNavigation.csproj", "{9039A322-A6F0-4594-A47A-F42EBF9133D3}"
EndProject
Project("{FAE04EC0-301F-11D3-BF4B-00C04F79EFBC}") = "ViewModelNavigation.Core", "ViewModelNavigation.Core\ViewModelNavigation.Core.csproj", "{BCD2496C-2885-4AEE-ABEC-04E1C8A61920}"
EndProject
Global
	GlobalSection(SolutionConfigurationPlatforms) = preSolution
		Ad-Hoc|Any CPU = Ad-Hoc|Any CPU
		Ad-Hoc|ARM = Ad-Hoc|ARM
		Ad-Hoc|iPhone = Ad-Hoc|iPhone
		Ad-Hoc|iPhoneSimulator = Ad-Hoc|iPhoneSimulator
		Ad-Hoc|x64 = Ad-Hoc|x64
		Ad-Hoc|x86 = Ad-Hoc|x86
		AppStore|Any CPU = AppStore|Any CPU
		AppStore|ARM = AppStore|ARM
		AppStore|iPhone = AppStore|iPhone
		AppStore|iPhoneSimulator = AppStore|iPhoneSimulator
		AppStore|x64 = AppStore|x64
		AppStore|x86 = AppStore|x86
		Debug|Any CPU = Debug|Any CPU
		Debug|ARM = Debug|ARM
		Debug|iPhone = Debug|iPhone
		Debug|iPhoneSimulator = Debug|iPhoneSimulator
		Debug|x64 = Debug|x64
		Debug|x86 = Debug|x86
		Release|Any CPU = Release|Any CPU
		Release|ARM = Release|ARM
		Release|iPhone = Release|iPhone
		Release|iPhoneSimulator = Release|iPhoneSimulator
		Release|x64 = Release|x64
		Release|x86 = Release|x86
	EndGlobalSection
	GlobalSection(ProjectConfigurationPlatforms) = postSolution
		{8ED7CCB5-EF0E-4F99-B5A0-AECCE5E4B917}.Ad-Hoc|Any CPU.ActiveCfg = Release|Any CPU
		{8ED7CCB5-EF0E-4F99-B5A0-AECCE5E4B917}.Ad-Hoc|Any CPU.Build.0 = Release|Any CPU
		{8ED7CCB5-EF0E-4F99-B5A0-AECCE5E4B917}.Ad-Hoc|Any CPU.Deploy.0 = Release|Any CPU
		{8ED7CCB5-EF0E-4F99-B5A0-AECCE5E4B917}.Ad-Hoc|ARM.ActiveCfg = Release|Any CPU
		{8ED7CCB5-EF0E-4F99-B5A0-AECCE5E4B917}.Ad-Hoc|ARM.Build.0 = Release|Any CPU
		{8ED7CCB5-EF0E-4F99-B5A0-AECCE5E4B917}.Ad-Hoc|ARM.Deploy.0 = Release|Any CPU
		{8ED7CCB5-EF0E-4F99-B5A0-AECCE5E4B917}.Ad-Hoc|iPhone.ActiveCfg = Release|Any CPU
		{8ED7CCB5-EF0E-4F99-B5A0-AECCE5E4B917}.Ad-Hoc|iPhone.Build.0 = Release|Any CPU
		{8ED7CCB5-EF0E-4F99-B5A0-AECCE5E4B917}.Ad-Hoc|iPhone.Deploy.0 = Release|Any CPU
		{8ED7CCB5-EF0E-4F99-B5A0-AECCE5E4B917}.Ad-Hoc|iPhoneSimulator.ActiveCfg = Release|Any CPU
		{8ED7CCB5-EF0E-4F99-B5A0-AECCE5E4B917}.Ad-Hoc|iPhoneSimulator.Build.0 = Release|Any CPU
		{8ED7CCB5-EF0E-4F99-B5A0-AECCE5E4B917}.Ad-Hoc|iPhoneSimulator.Deploy.0 = Release|Any CPU
		{8ED7CCB5-EF0E-4F99-B5A0-AECCE5E4B917}.Ad-Hoc|x64.ActiveCfg = Release|Any CPU
		{8ED7CCB5-EF0E-4F99-B5A0-AECCE5E4B917}.Ad-Hoc|x64.Build.0 = Release|Any CPU
		{8ED7CCB5-EF0E-4F99-B5A0-AECCE5E4B917}.Ad-Hoc|x64.Deploy.0 = Release|Any CPU
		{8ED7CCB5-EF0E-4F99-B5A0-AECCE5E4B917}.Ad-Hoc|x86.ActiveCfg = Release|Any CPU
		{8ED7CCB5-EF0E-4F99-B5A0-AECCE5E4B917}.Ad-Hoc|x86.Build.0 = Release|Any CPU
		{8ED7CCB5-EF0E-4F99-B5A0-AECCE5E4B917}.Ad-Hoc|x86.Deploy.0 = Release|Any CPU
		{8ED7CCB5-EF0E-4F99-B5A0-AECCE5E4B917}.AppStore|Any CPU.ActiveCfg = Release|Any CPU
		{8ED7CCB5-EF0E-4F99-B5A0-AECCE5E4B917}.AppStore|Any CPU.Build.0 = Release|Any CPU
		{8ED7CCB5-EF0E-4F99-B5A0-AECCE5E4B917}.AppStore|Any CPU.Deploy.0 = Release|Any CPU
		{8ED7CCB5-EF0E-4F99-B5A0-AECCE5E4B917}.AppStore|ARM.ActiveCfg = Release|Any CPU
		{8ED7CCB5-EF0E-4F99-B5A0-AECCE5E4B917}.AppStore|ARM.Build.0 = Release|Any CPU
		{8ED7CCB5-EF0E-4F99-B5A0-AECCE5E4B917}.AppStore|ARM.Deploy.0 = Release|Any CPU
		{8ED7CCB5-EF0E-4F99-B5A0-AECCE5E4B917}.AppStore|iPhone.ActiveCfg = Release|Any CPU
		{8ED7CCB5-EF0E-4F99-B5A0-AECCE5E4B917}.AppStore|iPhone.Build.0 = Release|Any CPU
		{8ED7CCB5-EF0E-4F99-B5A0-AECCE5E4B917}.AppStore|iPhone.Deploy.0 = Release|Any CPU
		{8ED7CCB5-EF0E-4F99-B5A0-AECCE5E4B917}.AppStore|iPhoneSimulator.ActiveCfg = Release|Any CPU
		{8ED7CCB5-EF0E-4F99-B5A0-AECCE5E4B917}.AppStore|iPhoneSimulator.Build.0 = Release|Any CPU
		{8ED7CCB5-EF0E-4F99-B5A0-AECCE5E4B917}.AppStore|iPhoneSimulator.Deploy.0 = Release|Any CPU
		{8ED7CCB5-EF0E-4F99-B5A0-AECCE5E4B917}.AppStore|x64.ActiveCfg = Release|Any CPU
		{8ED7CCB5-EF0E-4F99-B5A0-AECCE5E4B917}.AppStore|x64.Build.0 = Release|Any CPU
		{8ED7CCB5-EF0E-4F99-B5A0-AECCE5E4B917}.AppStore|x64.Deploy.0 = Release|Any CPU
		{8ED7CCB5-EF0E-4F99-B5A0-AECCE5E4B917}.AppStore|x86.ActiveCfg = Release|Any CPU
		{8ED7CCB5-EF0E-4F99-B5A0-AECCE5E4B917}.AppStore|x86.Build.0 = Release|Any CPU
		{8ED7CCB5-EF0E-4F99-B5A0-AECCE5E4B917}.AppStore|x86.Deploy.0 = Release|Any CPU
		{8ED7CCB5-EF0E-4F99-B5A0-AECCE5E4B917}.Debug|Any CPU.ActiveCfg = Debug|Any CPU
		{8ED7CCB5-EF0E-4F99-B5A0-AECCE5E4B917}.Debug|Any CPU.Build.0 = Debug|Any CPU
		{8ED7CCB5-EF0E-4F99-B5A0-AECCE5E4B917}.Debug|Any CPU.Deploy.0 = Debug|Any CPU
		{8ED7CCB5-EF0E-4F99-B5A0-AECCE5E4B917}.Debug|ARM.ActiveCfg = Debug|Any CPU
		{8ED7CCB5-EF0E-4F99-B5A0-AECCE5E4B917}.Debug|ARM.Build.0 = Debug|Any CPU
		{8ED7CCB5-EF0E-4F99-B5A0-AECCE5E4B917}.Debug|ARM.Deploy.0 = Debug|Any CPU
		{8ED7CCB5-EF0E-4F99-B5A0-AECCE5E4B917}.Debug|iPhone.ActiveCfg = Debug|Any CPU
		{8ED7CCB5-EF0E-4F99-B5A0-AECCE5E4B917}.Debug|iPhone.Build.0 = Debug|Any CPU
		{8ED7CCB5-EF0E-4F99-B5A0-AECCE5E4B917}.Debug|iPhone.Deploy.0 = Debug|Any CPU
		{8ED7CCB5-EF0E-4F99-B5A0-AECCE5E4B917}.Debug|iPhoneSimulator.ActiveCfg = Debug|Any CPU
		{8ED7CCB5-EF0E-4F99-B5A0-AECCE5E4B917}.Debug|iPhoneSimulator.Build.0 = Debug|Any CPU
		{8ED7CCB5-EF0E-4F99-B5A0-AECCE5E4B917}.Debug|iPhoneSimulator.Deploy.0 = Debug|Any CPU
		{8ED7CCB5-EF0E-4F99-B5A0-AECCE5E4B917}.Debug|x64.ActiveCfg = Debug|Any CPU
		{8ED7CCB5-EF0E-4F99-B5A0-AECCE5E4B917}.Debug|x64.Build.0 = Debug|Any CPU
		{8ED7CCB5-EF0E-4F99-B5A0-AECCE5E4B917}.Debug|x64.Deploy.0 = Debug|Any CPU
		{8ED7CCB5-EF0E-4F99-B5A0-AECCE5E4B917}.Debug|x86.ActiveCfg = Debug|Any CPU
		{8ED7CCB5-EF0E-4F99-B5A0-AECCE5E4B917}.Debug|x86.Build.0 = Debug|Any CPU
		{8ED7CCB5-EF0E-4F99-B5A0-AECCE5E4B917}.Debug|x86.Deploy.0 = Debug|Any CPU
		{8ED7CCB5-EF0E-4F99-B5A0-AECCE5E4B917}.Release|Any CPU.ActiveCfg = Release|Any CPU
		{8ED7CCB5-EF0E-4F99-B5A0-AECCE5E4B917}.Release|Any CPU.Build.0 = Release|Any CPU
		{8ED7CCB5-EF0E-4F99-B5A0-AECCE5E4B917}.Release|Any CPU.Deploy.0 = Release|Any CPU
		{8ED7CCB5-EF0E-4F99-B5A0-AECCE5E4B917}.Release|ARM.ActiveCfg = Release|Any CPU
		{8ED7CCB5-EF0E-4F99-B5A0-AECCE5E4B917}.Release|ARM.Build.0 = Release|Any CPU
		{8ED7CCB5-EF0E-4F99-B5A0-AECCE5E4B917}.Release|ARM.Deploy.0 = Release|Any CPU
		{8ED7CCB5-EF0E-4F99-B5A0-AECCE5E4B917}.Release|iPhone.ActiveCfg = Release|Any CPU
		{8ED7CCB5-EF0E-4F99-B5A0-AECCE5E4B917}.Release|iPhone.Build.0 = Release|Any CPU
		{8ED7CCB5-EF0E-4F99-B5A0-AECCE5E4B917}.Release|iPhone.Deploy.0 = Release|Any CPU
		{8ED7CCB5-EF0E-4F99-B5A0-AECCE5E4B917}.Release|iPhoneSimulator.ActiveCfg = Release|Any CPU
		{8ED7CCB5-EF0E-4F99-B5A0-AECCE5E4B917}.Release|iPhoneSimulator.Build.0 = Release|Any CPU
		{8ED7CCB5-EF0E-4F99-B5A0-AECCE5E4B917}.Release|iPhoneSimulator.Deploy.0 = Release|Any CPU
		{8ED7CCB5-EF0E-4F99-B5A0-AECCE5E4B917}.Release|x64.ActiveCfg = Release|Any CPU
		{8ED7CCB5-EF0E-4F99-B5A0-AECCE5E4B917}.Release|x64.Build.0 = Release|Any CPU
		{8ED7CCB5-EF0E-4F99-B5A0-AECCE5E4B917}.Release|x64.Deploy.0 = Release|Any CPU
		{8ED7CCB5-EF0E-4F99-B5A0-AECCE5E4B917}.Release|x86.ActiveCfg = Release|Any CPU
		{8ED7CCB5-EF0E-4F99-B5A0-AECCE5E4B917}.Release|x86.Build.0 = Release|Any CPU
		{8ED7CCB5-EF0E-4F99-B5A0-AECCE5E4B917}.Release|x86.Deploy.0 = Release|Any CPU
		{0BF5DA0F-8644-47C6-B07B-2C1C40F2B1B5}.Ad-Hoc|Any CPU.ActiveCfg = Ad-Hoc|iPhone
		{0BF5DA0F-8644-47C6-B07B-2C1C40F2B1B5}.Ad-Hoc|Any CPU.Build.0 = Ad-Hoc|iPhone
		{0BF5DA0F-8644-47C6-B07B-2C1C40F2B1B5}.Ad-Hoc|Any CPU.Deploy.0 = Ad-Hoc|iPhone
		{0BF5DA0F-8644-47C6-B07B-2C1C40F2B1B5}.Ad-Hoc|ARM.ActiveCfg = Ad-Hoc|iPhone
		{0BF5DA0F-8644-47C6-B07B-2C1C40F2B1B5}.Ad-Hoc|ARM.Build.0 = Ad-Hoc|iPhone
		{0BF5DA0F-8644-47C6-B07B-2C1C40F2B1B5}.Ad-Hoc|ARM.Deploy.0 = Ad-Hoc|iPhone
		{0BF5DA0F-8644-47C6-B07B-2C1C40F2B1B5}.Ad-Hoc|iPhone.ActiveCfg = Ad-Hoc|iPhone
		{0BF5DA0F-8644-47C6-B07B-2C1C40F2B1B5}.Ad-Hoc|iPhone.Build.0 = Ad-Hoc|iPhone
		{0BF5DA0F-8644-47C6-B07B-2C1C40F2B1B5}.Ad-Hoc|iPhone.Deploy.0 = Ad-Hoc|iPhone
		{0BF5DA0F-8644-47C6-B07B-2C1C40F2B1B5}.Ad-Hoc|iPhoneSimulator.ActiveCfg = Ad-Hoc|iPhoneSimulator
		{0BF5DA0F-8644-47C6-B07B-2C1C40F2B1B5}.Ad-Hoc|iPhoneSimulator.Build.0 = Ad-Hoc|iPhoneSimulator
		{0BF5DA0F-8644-47C6-B07B-2C1C40F2B1B5}.Ad-Hoc|iPhoneSimulator.Deploy.0 = Ad-Hoc|iPhoneSimulator
		{0BF5DA0F-8644-47C6-B07B-2C1C40F2B1B5}.Ad-Hoc|x64.ActiveCfg = Ad-Hoc|iPhone
		{0BF5DA0F-8644-47C6-B07B-2C1C40F2B1B5}.Ad-Hoc|x64.Build.0 = Ad-Hoc|iPhone
		{0BF5DA0F-8644-47C6-B07B-2C1C40F2B1B5}.Ad-Hoc|x64.Deploy.0 = Ad-Hoc|iPhone
		{0BF5DA0F-8644-47C6-B07B-2C1C40F2B1B5}.Ad-Hoc|x86.ActiveCfg = Ad-Hoc|iPhone
		{0BF5DA0F-8644-47C6-B07B-2C1C40F2B1B5}.Ad-Hoc|x86.Build.0 = Ad-Hoc|iPhone
		{0BF5DA0F-8644-47C6-B07B-2C1C40F2B1B5}.Ad-Hoc|x86.Deploy.0 = Ad-Hoc|iPhone
		{0BF5DA0F-8644-47C6-B07B-2C1C40F2B1B5}.AppStore|Any CPU.ActiveCfg = AppStore|iPhone
		{0BF5DA0F-8644-47C6-B07B-2C1C40F2B1B5}.AppStore|Any CPU.Build.0 = AppStore|iPhone
		{0BF5DA0F-8644-47C6-B07B-2C1C40F2B1B5}.AppStore|Any CPU.Deploy.0 = AppStore|iPhone
		{0BF5DA0F-8644-47C6-B07B-2C1C40F2B1B5}.AppStore|ARM.ActiveCfg = AppStore|iPhone
		{0BF5DA0F-8644-47C6-B07B-2C1C40F2B1B5}.AppStore|ARM.Build.0 = AppStore|iPhone
		{0BF5DA0F-8644-47C6-B07B-2C1C40F2B1B5}.AppStore|ARM.Deploy.0 = AppStore|iPhone
		{0BF5DA0F-8644-47C6-B07B-2C1C40F2B1B5}.AppStore|iPhone.ActiveCfg = AppStore|iPhone
		{0BF5DA0F-8644-47C6-B07B-2C1C40F2B1B5}.AppStore|iPhone.Build.0 = AppStore|iPhone
		{0BF5DA0F-8644-47C6-B07B-2C1C40F2B1B5}.AppStore|iPhone.Deploy.0 = AppStore|iPhone
		{0BF5DA0F-8644-47C6-B07B-2C1C40F2B1B5}.AppStore|iPhoneSimulator.ActiveCfg = AppStore|iPhoneSimulator
		{0BF5DA0F-8644-47C6-B07B-2C1C40F2B1B5}.AppStore|iPhoneSimulator.Build.0 = AppStore|iPhoneSimulator
		{0BF5DA0F-8644-47C6-B07B-2C1C40F2B1B5}.AppStore|iPhoneSimulator.Deploy.0 = AppStore|iPhoneSimulator
		{0BF5DA0F-8644-47C6-B07B-2C1C40F2B1B5}.AppStore|x64.ActiveCfg = AppStore|iPhone
		{0BF5DA0F-8644-47C6-B07B-2C1C40F2B1B5}.AppStore|x64.Build.0 = AppStore|iPhone
		{0BF5DA0F-8644-47C6-B07B-2C1C40F2B1B5}.AppStore|x64.Deploy.0 = AppStore|iPhone
		{0BF5DA0F-8644-47C6-B07B-2C1C40F2B1B5}.AppStore|x86.ActiveCfg = AppStore|iPhone
		{0BF5DA0F-8644-47C6-B07B-2C1C40F2B1B5}.AppStore|x86.Build.0 = AppStore|iPhone
		{0BF5DA0F-8644-47C6-B07B-2C1C40F2B1B5}.AppStore|x86.Deploy.0 = AppStore|iPhone
		{0BF5DA0F-8644-47C6-B07B-2C1C40F2B1B5}.Debug|Any CPU.ActiveCfg = Debug|iPhoneSimulator
		{0BF5DA0F-8644-47C6-B07B-2C1C40F2B1B5}.Debug|Any CPU.Build.0 = Debug|iPhoneSimulator
		{0BF5DA0F-8644-47C6-B07B-2C1C40F2B1B5}.Debug|Any CPU.Deploy.0 = Debug|iPhoneSimulator
		{0BF5DA0F-8644-47C6-B07B-2C1C40F2B1B5}.Debug|ARM.ActiveCfg = Debug|iPhone
		{0BF5DA0F-8644-47C6-B07B-2C1C40F2B1B5}.Debug|ARM.Build.0 = Debug|iPhone
		{0BF5DA0F-8644-47C6-B07B-2C1C40F2B1B5}.Debug|ARM.Deploy.0 = Debug|iPhone
		{0BF5DA0F-8644-47C6-B07B-2C1C40F2B1B5}.Debug|iPhone.ActiveCfg = Debug|iPhone
		{0BF5DA0F-8644-47C6-B07B-2C1C40F2B1B5}.Debug|iPhone.Build.0 = Debug|iPhone
		{0BF5DA0F-8644-47C6-B07B-2C1C40F2B1B5}.Debug|iPhone.Deploy.0 = Debug|iPhone
		{0BF5DA0F-8644-47C6-B07B-2C1C40F2B1B5}.Debug|iPhoneSimulator.ActiveCfg = Debug|iPhoneSimulator
		{0BF5DA0F-8644-47C6-B07B-2C1C40F2B1B5}.Debug|iPhoneSimulator.Build.0 = Debug|iPhoneSimulator
		{0BF5DA0F-8644-47C6-B07B-2C1C40F2B1B5}.Debug|iPhoneSimulator.Deploy.0 = Debug|iPhoneSimulator
		{0BF5DA0F-8644-47C6-B07B-2C1C40F2B1B5}.Debug|x64.ActiveCfg = Debug|iPhone
		{0BF5DA0F-8644-47C6-B07B-2C1C40F2B1B5}.Debug|x64.Build.0 = Debug|iPhone
		{0BF5DA0F-8644-47C6-B07B-2C1C40F2B1B5}.Debug|x64.Deploy.0 = Debug|iPhone
		{0BF5DA0F-8644-47C6-B07B-2C1C40F2B1B5}.Debug|x86.ActiveCfg = Debug|iPhone
		{0BF5DA0F-8644-47C6-B07B-2C1C40F2B1B5}.Debug|x86.Build.0 = Debug|iPhone
		{0BF5DA0F-8644-47C6-B07B-2C1C40F2B1B5}.Debug|x86.Deploy.0 = Debug|iPhone
		{0BF5DA0F-8644-47C6-B07B-2C1C40F2B1B5}.Release|Any CPU.ActiveCfg = Release|iPhone
		{0BF5DA0F-8644-47C6-B07B-2C1C40F2B1B5}.Release|Any CPU.Build.0 = Release|iPhone
		{0BF5DA0F-8644-47C6-B07B-2C1C40F2B1B5}.Release|Any CPU.Deploy.0 = Release|iPhone
		{0BF5DA0F-8644-47C6-B07B-2C1C40F2B1B5}.Release|ARM.ActiveCfg = Release|iPhone
		{0BF5DA0F-8644-47C6-B07B-2C1C40F2B1B5}.Release|ARM.Build.0 = Release|iPhone
		{0BF5DA0F-8644-47C6-B07B-2C1C40F2B1B5}.Release|ARM.Deploy.0 = Release|iPhone
		{0BF5DA0F-8644-47C6-B07B-2C1C40F2B1B5}.Release|iPhone.ActiveCfg = Release|iPhone
		{0BF5DA0F-8644-47C6-B07B-2C1C40F2B1B5}.Release|iPhone.Build.0 = Release|iPhone
		{0BF5DA0F-8644-47C6-B07B-2C1C40F2B1B5}.Release|iPhone.Deploy.0 = Release|iPhone
		{0BF5DA0F-8644-47C6-B07B-2C1C40F2B1B5}.Release|iPhoneSimulator.ActiveCfg = Release|iPhoneSimulator
		{0BF5DA0F-8644-47C6-B07B-2C1C40F2B1B5}.Release|iPhoneSimulator.Build.0 = Release|iPhoneSimulator
		{0BF5DA0F-8644-47C6-B07B-2C1C40F2B1B5}.Release|iPhoneSimulator.Deploy.0 = Release|iPhoneSimulator
		{0BF5DA0F-8644-47C6-B07B-2C1C40F2B1B5}.Release|x64.ActiveCfg = Release|iPhone
		{0BF5DA0F-8644-47C6-B07B-2C1C40F2B1B5}.Release|x64.Build.0 = Release|iPhone
		{0BF5DA0F-8644-47C6-B07B-2C1C40F2B1B5}.Release|x64.Deploy.0 = Release|iPhone
		{0BF5DA0F-8644-47C6-B07B-2C1C40F2B1B5}.Release|x86.ActiveCfg = Release|iPhone
		{0BF5DA0F-8644-47C6-B07B-2C1C40F2B1B5}.Release|x86.Build.0 = Release|iPhone
		{0BF5DA0F-8644-47C6-B07B-2C1C40F2B1B5}.Release|x86.Deploy.0 = Release|iPhone
		{25C08249-A3AE-4BF3-9A70-5859CB76855E}.Ad-Hoc|Any CPU.ActiveCfg = Release|x86
		{25C08249-A3AE-4BF3-9A70-5859CB76855E}.Ad-Hoc|Any CPU.Build.0 = Release|x86
		{25C08249-A3AE-4BF3-9A70-5859CB76855E}.Ad-Hoc|Any CPU.Deploy.0 = Release|x86
		{25C08249-A3AE-4BF3-9A70-5859CB76855E}.Ad-Hoc|ARM.ActiveCfg = Release|ARM
		{25C08249-A3AE-4BF3-9A70-5859CB76855E}.Ad-Hoc|ARM.Build.0 = Release|ARM
		{25C08249-A3AE-4BF3-9A70-5859CB76855E}.Ad-Hoc|ARM.Deploy.0 = Release|ARM
		{25C08249-A3AE-4BF3-9A70-5859CB76855E}.Ad-Hoc|iPhone.ActiveCfg = Release|x86
		{25C08249-A3AE-4BF3-9A70-5859CB76855E}.Ad-Hoc|iPhone.Build.0 = Release|x86
		{25C08249-A3AE-4BF3-9A70-5859CB76855E}.Ad-Hoc|iPhone.Deploy.0 = Release|x86
		{25C08249-A3AE-4BF3-9A70-5859CB76855E}.Ad-Hoc|iPhoneSimulator.ActiveCfg = Release|x86
		{25C08249-A3AE-4BF3-9A70-5859CB76855E}.Ad-Hoc|iPhoneSimulator.Build.0 = Release|x86
		{25C08249-A3AE-4BF3-9A70-5859CB76855E}.Ad-Hoc|iPhoneSimulator.Deploy.0 = Release|x86
		{25C08249-A3AE-4BF3-9A70-5859CB76855E}.Ad-Hoc|x64.ActiveCfg = Release|x64
		{25C08249-A3AE-4BF3-9A70-5859CB76855E}.Ad-Hoc|x64.Build.0 = Release|x64
		{25C08249-A3AE-4BF3-9A70-5859CB76855E}.Ad-Hoc|x64.Deploy.0 = Release|x64
		{25C08249-A3AE-4BF3-9A70-5859CB76855E}.Ad-Hoc|x86.ActiveCfg = Release|x86
		{25C08249-A3AE-4BF3-9A70-5859CB76855E}.Ad-Hoc|x86.Build.0 = Release|x86
		{25C08249-A3AE-4BF3-9A70-5859CB76855E}.Ad-Hoc|x86.Deploy.0 = Release|x86
		{25C08249-A3AE-4BF3-9A70-5859CB76855E}.AppStore|Any CPU.ActiveCfg = Release|x86
		{25C08249-A3AE-4BF3-9A70-5859CB76855E}.AppStore|Any CPU.Build.0 = Release|x86
		{25C08249-A3AE-4BF3-9A70-5859CB76855E}.AppStore|Any CPU.Deploy.0 = Release|x86
		{25C08249-A3AE-4BF3-9A70-5859CB76855E}.AppStore|ARM.ActiveCfg = Release|ARM
		{25C08249-A3AE-4BF3-9A70-5859CB76855E}.AppStore|ARM.Build.0 = Release|ARM
		{25C08249-A3AE-4BF3-9A70-5859CB76855E}.AppStore|ARM.Deploy.0 = Release|ARM
		{25C08249-A3AE-4BF3-9A70-5859CB76855E}.AppStore|iPhone.ActiveCfg = Release|x86
		{25C08249-A3AE-4BF3-9A70-5859CB76855E}.AppStore|iPhone.Build.0 = Release|x86
		{25C08249-A3AE-4BF3-9A70-5859CB76855E}.AppStore|iPhone.Deploy.0 = Release|x86
		{25C08249-A3AE-4BF3-9A70-5859CB76855E}.AppStore|iPhoneSimulator.ActiveCfg = Release|x86
		{25C08249-A3AE-4BF3-9A70-5859CB76855E}.AppStore|iPhoneSimulator.Build.0 = Release|x86
		{25C08249-A3AE-4BF3-9A70-5859CB76855E}.AppStore|iPhoneSimulator.Deploy.0 = Release|x86
		{25C08249-A3AE-4BF3-9A70-5859CB76855E}.AppStore|x64.ActiveCfg = Release|x64
		{25C08249-A3AE-4BF3-9A70-5859CB76855E}.AppStore|x64.Build.0 = Release|x64
		{25C08249-A3AE-4BF3-9A70-5859CB76855E}.AppStore|x64.Deploy.0 = Release|x64
		{25C08249-A3AE-4BF3-9A70-5859CB76855E}.AppStore|x86.ActiveCfg = Release|x86
		{25C08249-A3AE-4BF3-9A70-5859CB76855E}.AppStore|x86.Build.0 = Release|x86
		{25C08249-A3AE-4BF3-9A70-5859CB76855E}.AppStore|x86.Deploy.0 = Release|x86
		{25C08249-A3AE-4BF3-9A70-5859CB76855E}.Debug|Any CPU.ActiveCfg = Debug|x86
		{25C08249-A3AE-4BF3-9A70-5859CB76855E}.Debug|Any CPU.Build.0 = Debug|x86
		{25C08249-A3AE-4BF3-9A70-5859CB76855E}.Debug|Any CPU.Deploy.0 = Debug|x86
		{25C08249-A3AE-4BF3-9A70-5859CB76855E}.Debug|ARM.ActiveCfg = Debug|ARM
		{25C08249-A3AE-4BF3-9A70-5859CB76855E}.Debug|ARM.Build.0 = Debug|ARM
		{25C08249-A3AE-4BF3-9A70-5859CB76855E}.Debug|ARM.Deploy.0 = Debug|ARM
		{25C08249-A3AE-4BF3-9A70-5859CB76855E}.Debug|iPhone.ActiveCfg = Debug|x86
		{25C08249-A3AE-4BF3-9A70-5859CB76855E}.Debug|iPhone.Build.0 = Debug|x86
		{25C08249-A3AE-4BF3-9A70-5859CB76855E}.Debug|iPhone.Deploy.0 = Debug|x86
		{25C08249-A3AE-4BF3-9A70-5859CB76855E}.Debug|iPhoneSimulator.ActiveCfg = Debug|x86
		{25C08249-A3AE-4BF3-9A70-5859CB76855E}.Debug|iPhoneSimulator.Build.0 = Debug|x86
		{25C08249-A3AE-4BF3-9A70-5859CB76855E}.Debug|iPhoneSimulator.Deploy.0 = Debug|x86
		{25C08249-A3AE-4BF3-9A70-5859CB76855E}.Debug|x64.ActiveCfg = Debug|x64
		{25C08249-A3AE-4BF3-9A70-5859CB76855E}.Debug|x64.Build.0 = Debug|x64
		{25C08249-A3AE-4BF3-9A70-5859CB76855E}.Debug|x64.Deploy.0 = Debug|x64
		{25C08249-A3AE-4BF3-9A70-5859CB76855E}.Debug|x86.ActiveCfg = Debug|x86
		{25C08249-A3AE-4BF3-9A70-5859CB76855E}.Debug|x86.Build.0 = Debug|x86
		{25C08249-A3AE-4BF3-9A70-5859CB76855E}.Debug|x86.Deploy.0 = Debug|x86
		{25C08249-A3AE-4BF3-9A70-5859CB76855E}.Release|Any CPU.ActiveCfg = Release|x86
		{25C08249-A3AE-4BF3-9A70-5859CB76855E}.Release|Any CPU.Build.0 = Release|x86
		{25C08249-A3AE-4BF3-9A70-5859CB76855E}.Release|Any CPU.Deploy.0 = Release|x86
		{25C08249-A3AE-4BF3-9A70-5859CB76855E}.Release|ARM.ActiveCfg = Release|ARM
		{25C08249-A3AE-4BF3-9A70-5859CB76855E}.Release|ARM.Build.0 = Release|ARM
		{25C08249-A3AE-4BF3-9A70-5859CB76855E}.Release|ARM.Deploy.0 = Release|ARM
		{25C08249-A3AE-4BF3-9A70-5859CB76855E}.Release|iPhone.ActiveCfg = Release|x86
		{25C08249-A3AE-4BF3-9A70-5859CB76855E}.Release|iPhone.Build.0 = Release|x86
		{25C08249-A3AE-4BF3-9A70-5859CB76855E}.Release|iPhone.Deploy.0 = Release|x86
		{25C08249-A3AE-4BF3-9A70-5859CB76855E}.Release|iPhoneSimulator.ActiveCfg = Release|x86
		{25C08249-A3AE-4BF3-9A70-5859CB76855E}.Release|iPhoneSimulator.Build.0 = Release|x86
		{25C08249-A3AE-4BF3-9A70-5859CB76855E}.Release|iPhoneSimulator.Deploy.0 = Release|x86
		{25C08249-A3AE-4BF3-9A70-5859CB76855E}.Release|x64.ActiveCfg = Release|x64
		{25C08249-A3AE-4BF3-9A70-5859CB76855E}.Release|x64.Build.0 = Release|x64
		{25C08249-A3AE-4BF3-9A70-5859CB76855E}.Release|x64.Deploy.0 = Release|x64
		{25C08249-A3AE-4BF3-9A70-5859CB76855E}.Release|x86.ActiveCfg = Release|x86
		{25C08249-A3AE-4BF3-9A70-5859CB76855E}.Release|x86.Build.0 = Release|x86
		{25C08249-A3AE-4BF3-9A70-5859CB76855E}.Release|x86.Deploy.0 = Release|x86
		{9039A322-A6F0-4594-A47A-F42EBF9133D3}.Ad-Hoc|Any CPU.ActiveCfg = Debug|Any CPU
		{9039A322-A6F0-4594-A47A-F42EBF9133D3}.Ad-Hoc|Any CPU.Build.0 = Debug|Any CPU
		{9039A322-A6F0-4594-A47A-F42EBF9133D3}.Ad-Hoc|Any CPU.Deploy.0 = Debug|Any CPU
		{9039A322-A6F0-4594-A47A-F42EBF9133D3}.Ad-Hoc|ARM.ActiveCfg = Debug|Any CPU
		{9039A322-A6F0-4594-A47A-F42EBF9133D3}.Ad-Hoc|ARM.Build.0 = Debug|Any CPU
		{9039A322-A6F0-4594-A47A-F42EBF9133D3}.Ad-Hoc|ARM.Deploy.0 = Debug|Any CPU
		{9039A322-A6F0-4594-A47A-F42EBF9133D3}.Ad-Hoc|iPhone.ActiveCfg = Debug|Any CPU
		{9039A322-A6F0-4594-A47A-F42EBF9133D3}.Ad-Hoc|iPhone.Build.0 = Debug|Any CPU
		{9039A322-A6F0-4594-A47A-F42EBF9133D3}.Ad-Hoc|iPhone.Deploy.0 = Debug|Any CPU
		{9039A322-A6F0-4594-A47A-F42EBF9133D3}.Ad-Hoc|iPhoneSimulator.ActiveCfg = Debug|Any CPU
		{9039A322-A6F0-4594-A47A-F42EBF9133D3}.Ad-Hoc|iPhoneSimulator.Build.0 = Debug|Any CPU
		{9039A322-A6F0-4594-A47A-F42EBF9133D3}.Ad-Hoc|iPhoneSimulator.Deploy.0 = Debug|Any CPU
		{9039A322-A6F0-4594-A47A-F42EBF9133D3}.Ad-Hoc|x64.ActiveCfg = Debug|Any CPU
		{9039A322-A6F0-4594-A47A-F42EBF9133D3}.Ad-Hoc|x64.Build.0 = Debug|Any CPU
		{9039A322-A6F0-4594-A47A-F42EBF9133D3}.Ad-Hoc|x64.Deploy.0 = Debug|Any CPU
		{9039A322-A6F0-4594-A47A-F42EBF9133D3}.Ad-Hoc|x86.ActiveCfg = Debug|Any CPU
		{9039A322-A6F0-4594-A47A-F42EBF9133D3}.Ad-Hoc|x86.Build.0 = Debug|Any CPU
		{9039A322-A6F0-4594-A47A-F42EBF9133D3}.Ad-Hoc|x86.Deploy.0 = Debug|Any CPU
		{9039A322-A6F0-4594-A47A-F42EBF9133D3}.AppStore|Any CPU.ActiveCfg = Debug|Any CPU
		{9039A322-A6F0-4594-A47A-F42EBF9133D3}.AppStore|Any CPU.Build.0 = Debug|Any CPU
		{9039A322-A6F0-4594-A47A-F42EBF9133D3}.AppStore|Any CPU.Deploy.0 = Debug|Any CPU
		{9039A322-A6F0-4594-A47A-F42EBF9133D3}.AppStore|ARM.ActiveCfg = Debug|Any CPU
		{9039A322-A6F0-4594-A47A-F42EBF9133D3}.AppStore|ARM.Build.0 = Debug|Any CPU
		{9039A322-A6F0-4594-A47A-F42EBF9133D3}.AppStore|ARM.Deploy.0 = Debug|Any CPU
		{9039A322-A6F0-4594-A47A-F42EBF9133D3}.AppStore|iPhone.ActiveCfg = Debug|Any CPU
		{9039A322-A6F0-4594-A47A-F42EBF9133D3}.AppStore|iPhone.Build.0 = Debug|Any CPU
		{9039A322-A6F0-4594-A47A-F42EBF9133D3}.AppStore|iPhone.Deploy.0 = Debug|Any CPU
		{9039A322-A6F0-4594-A47A-F42EBF9133D3}.AppStore|iPhoneSimulator.ActiveCfg = Debug|Any CPU
		{9039A322-A6F0-4594-A47A-F42EBF9133D3}.AppStore|iPhoneSimulator.Build.0 = Debug|Any CPU
		{9039A322-A6F0-4594-A47A-F42EBF9133D3}.AppStore|iPhoneSimulator.Deploy.0 = Debug|Any CPU
		{9039A322-A6F0-4594-A47A-F42EBF9133D3}.AppStore|x64.ActiveCfg = Debug|Any CPU
		{9039A322-A6F0-4594-A47A-F42EBF9133D3}.AppStore|x64.Build.0 = Debug|Any CPU
		{9039A322-A6F0-4594-A47A-F42EBF9133D3}.AppStore|x64.Deploy.0 = Debug|Any CPU
		{9039A322-A6F0-4594-A47A-F42EBF9133D3}.AppStore|x86.ActiveCfg = Debug|Any CPU
		{9039A322-A6F0-4594-A47A-F42EBF9133D3}.AppStore|x86.Build.0 = Debug|Any CPU
		{9039A322-A6F0-4594-A47A-F42EBF9133D3}.AppStore|x86.Deploy.0 = Debug|Any CPU
		{9039A322-A6F0-4594-A47A-F42EBF9133D3}.Debug|Any CPU.ActiveCfg = Debug|Any CPU
		{9039A322-A6F0-4594-A47A-F42EBF9133D3}.Debug|Any CPU.Build.0 = Debug|Any CPU
		{9039A322-A6F0-4594-A47A-F42EBF9133D3}.Debug|Any CPU.Deploy.0 = Debug|Any CPU
		{9039A322-A6F0-4594-A47A-F42EBF9133D3}.Debug|ARM.ActiveCfg = Debug|Any CPU
		{9039A322-A6F0-4594-A47A-F42EBF9133D3}.Debug|ARM.Build.0 = Debug|Any CPU
		{9039A322-A6F0-4594-A47A-F42EBF9133D3}.Debug|ARM.Deploy.0 = Debug|Any CPU
		{9039A322-A6F0-4594-A47A-F42EBF9133D3}.Debug|iPhone.ActiveCfg = Debug|Any CPU
		{9039A322-A6F0-4594-A47A-F42EBF9133D3}.Debug|iPhone.Build.0 = Debug|Any CPU
		{9039A322-A6F0-4594-A47A-F42EBF9133D3}.Debug|iPhone.Deploy.0 = Debug|Any CPU
		{9039A322-A6F0-4594-A47A-F42EBF9133D3}.Debug|iPhoneSimulator.ActiveCfg = Debug|Any CPU
		{9039A322-A6F0-4594-A47A-F42EBF9133D3}.Debug|iPhoneSimulator.Build.0 = Debug|Any CPU
		{9039A322-A6F0-4594-A47A-F42EBF9133D3}.Debug|iPhoneSimulator.Deploy.0 = Debug|Any CPU
		{9039A322-A6F0-4594-A47A-F42EBF9133D3}.Debug|x64.ActiveCfg = Debug|Any CPU
		{9039A322-A6F0-4594-A47A-F42EBF9133D3}.Debug|x64.Build.0 = Debug|Any CPU
		{9039A322-A6F0-4594-A47A-F42EBF9133D3}.Debug|x64.Deploy.0 = Debug|Any CPU
		{9039A322-A6F0-4594-A47A-F42EBF9133D3}.Debug|x86.ActiveCfg = Debug|Any CPU
		{9039A322-A6F0-4594-A47A-F42EBF9133D3}.Debug|x86.Build.0 = Debug|Any CPU
		{9039A322-A6F0-4594-A47A-F42EBF9133D3}.Debug|x86.Deploy.0 = Debug|Any CPU
		{9039A322-A6F0-4594-A47A-F42EBF9133D3}.Release|Any CPU.ActiveCfg = Release|Any CPU
		{9039A322-A6F0-4594-A47A-F42EBF9133D3}.Release|Any CPU.Build.0 = Release|Any CPU
		{9039A322-A6F0-4594-A47A-F42EBF9133D3}.Release|Any CPU.Deploy.0 = Release|Any CPU
		{9039A322-A6F0-4594-A47A-F42EBF9133D3}.Release|ARM.ActiveCfg = Release|Any CPU
		{9039A322-A6F0-4594-A47A-F42EBF9133D3}.Release|ARM.Build.0 = Release|Any CPU
		{9039A322-A6F0-4594-A47A-F42EBF9133D3}.Release|ARM.Deploy.0 = Release|Any CPU
		{9039A322-A6F0-4594-A47A-F42EBF9133D3}.Release|iPhone.ActiveCfg = Release|Any CPU
		{9039A322-A6F0-4594-A47A-F42EBF9133D3}.Release|iPhone.Build.0 = Release|Any CPU
		{9039A322-A6F0-4594-A47A-F42EBF9133D3}.Release|iPhone.Deploy.0 = Release|Any CPU
		{9039A322-A6F0-4594-A47A-F42EBF9133D3}.Release|iPhoneSimulator.ActiveCfg = Release|Any CPU
		{9039A322-A6F0-4594-A47A-F42EBF9133D3}.Release|iPhoneSimulator.Build.0 = Release|Any CPU
		{9039A322-A6F0-4594-A47A-F42EBF9133D3}.Release|iPhoneSimulator.Deploy.0 = Release|Any CPU
		{9039A322-A6F0-4594-A47A-F42EBF9133D3}.Release|x64.ActiveCfg = Release|Any CPU
		{9039A322-A6F0-4594-A47A-F42EBF9133D3}.Release|x64.Build.0 = Release|Any CPU
		{9039A322-A6F0-4594-A47A-F42EBF9133D3}.Release|x64.Deploy.0 = Release|Any CPU
		{9039A322-A6F0-4594-A47A-F42EBF9133D3}.Release|x86.ActiveCfg = Release|Any CPU
		{9039A322-A6F0-4594-A47A-F42EBF9133D3}.Release|x86.Build.0 = Release|Any CPU
		{9039A322-A6F0-4594-A47A-F42EBF9133D3}.Release|x86.Deploy.0 = Release|Any CPU
		{BCD2496C-2885-4AEE-ABEC-04E1C8A61920}.Ad-Hoc|Any CPU.ActiveCfg = Debug|Any CPU
		{BCD2496C-2885-4AEE-ABEC-04E1C8A61920}.Ad-Hoc|Any CPU.Build.0 = Debug|Any CPU
		{BCD2496C-2885-4AEE-ABEC-04E1C8A61920}.Ad-Hoc|ARM.ActiveCfg = Debug|Any CPU
		{BCD2496C-2885-4AEE-ABEC-04E1C8A61920}.Ad-Hoc|ARM.Build.0 = Debug|Any CPU
		{BCD2496C-2885-4AEE-ABEC-04E1C8A61920}.Ad-Hoc|iPhone.ActiveCfg = Debug|Any CPU
		{BCD2496C-2885-4AEE-ABEC-04E1C8A61920}.Ad-Hoc|iPhone.Build.0 = Debug|Any CPU
		{BCD2496C-2885-4AEE-ABEC-04E1C8A61920}.Ad-Hoc|iPhoneSimulator.ActiveCfg = Debug|Any CPU
		{BCD2496C-2885-4AEE-ABEC-04E1C8A61920}.Ad-Hoc|iPhoneSimulator.Build.0 = Debug|Any CPU
		{BCD2496C-2885-4AEE-ABEC-04E1C8A61920}.Ad-Hoc|x64.ActiveCfg = Debug|Any CPU
		{BCD2496C-2885-4AEE-ABEC-04E1C8A61920}.Ad-Hoc|x64.Build.0 = Debug|Any CPU
		{BCD2496C-2885-4AEE-ABEC-04E1C8A61920}.Ad-Hoc|x86.ActiveCfg = Debug|Any CPU
		{BCD2496C-2885-4AEE-ABEC-04E1C8A61920}.Ad-Hoc|x86.Build.0 = Debug|Any CPU
		{BCD2496C-2885-4AEE-ABEC-04E1C8A61920}.AppStore|Any CPU.ActiveCfg = Debug|Any CPU
		{BCD2496C-2885-4AEE-ABEC-04E1C8A61920}.AppStore|Any CPU.Build.0 = Debug|Any CPU
		{BCD2496C-2885-4AEE-ABEC-04E1C8A61920}.AppStore|ARM.ActiveCfg = Debug|Any CPU
		{BCD2496C-2885-4AEE-ABEC-04E1C8A61920}.AppStore|ARM.Build.0 = Debug|Any CPU
		{BCD2496C-2885-4AEE-ABEC-04E1C8A61920}.AppStore|iPhone.ActiveCfg = Debug|Any CPU
		{BCD2496C-2885-4AEE-ABEC-04E1C8A61920}.AppStore|iPhone.Build.0 = Debug|Any CPU
		{BCD2496C-2885-4AEE-ABEC-04E1C8A61920}.AppStore|iPhoneSimulator.ActiveCfg = Debug|Any CPU
		{BCD2496C-2885-4AEE-ABEC-04E1C8A61920}.AppStore|iPhoneSimulator.Build.0 = Debug|Any CPU
		{BCD2496C-2885-4AEE-ABEC-04E1C8A61920}.AppStore|x64.ActiveCfg = Debug|Any CPU
		{BCD2496C-2885-4AEE-ABEC-04E1C8A61920}.AppStore|x64.Build.0 = Debug|Any CPU
		{BCD2496C-2885-4AEE-ABEC-04E1C8A61920}.AppStore|x86.ActiveCfg = Debug|Any CPU
		{BCD2496C-2885-4AEE-ABEC-04E1C8A61920}.AppStore|x86.Build.0 = Debug|Any CPU
		{BCD2496C-2885-4AEE-ABEC-04E1C8A61920}.Debug|Any CPU.ActiveCfg = Debug|Any CPU
		{BCD2496C-2885-4AEE-ABEC-04E1C8A61920}.Debug|Any CPU.Build.0 = Debug|Any CPU
		{BCD2496C-2885-4AEE-ABEC-04E1C8A61920}.Debug|ARM.ActiveCfg = Debug|Any CPU
		{BCD2496C-2885-4AEE-ABEC-04E1C8A61920}.Debug|ARM.Build.0 = Debug|Any CPU
		{BCD2496C-2885-4AEE-ABEC-04E1C8A61920}.Debug|iPhone.ActiveCfg = Debug|Any CPU
		{BCD2496C-2885-4AEE-ABEC-04E1C8A61920}.Debug|iPhone.Build.0 = Debug|Any CPU
		{BCD2496C-2885-4AEE-ABEC-04E1C8A61920}.Debug|iPhoneSimulator.ActiveCfg = Debug|Any CPU
		{BCD2496C-2885-4AEE-ABEC-04E1C8A61920}.Debug|iPhoneSimulator.Build.0 = Debug|Any CPU
		{BCD2496C-2885-4AEE-ABEC-04E1C8A61920}.Debug|x64.ActiveCfg = Debug|Any CPU
		{BCD2496C-2885-4AEE-ABEC-04E1C8A61920}.Debug|x64.Build.0 = Debug|Any CPU
		{BCD2496C-2885-4AEE-ABEC-04E1C8A61920}.Debug|x86.ActiveCfg = Debug|Any CPU
		{BCD2496C-2885-4AEE-ABEC-04E1C8A61920}.Debug|x86.Build.0 = Debug|Any CPU
		{BCD2496C-2885-4AEE-ABEC-04E1C8A61920}.Release|Any CPU.ActiveCfg = Release|Any CPU
		{BCD2496C-2885-4AEE-ABEC-04E1C8A61920}.Release|Any CPU.Build.0 = Release|Any CPU
		{BCD2496C-2885-4AEE-ABEC-04E1C8A61920}.Release|ARM.ActiveCfg = Release|Any CPU
		{BCD2496C-2885-4AEE-ABEC-04E1C8A61920}.Release|ARM.Build.0 = Release|Any CPU
		{BCD2496C-2885-4AEE-ABEC-04E1C8A61920}.Release|iPhone.ActiveCfg = Release|Any CPU
		{BCD2496C-2885-4AEE-ABEC-04E1C8A61920}.Release|iPhone.Build.0 = Release|Any CPU
		{BCD2496C-2885-4AEE-ABEC-04E1C8A61920}.Release|iPhoneSimulator.ActiveCfg = Release|Any CPU
		{BCD2496C-2885-4AEE-ABEC-04E1C8A61920}.Release|iPhoneSimulator.Build.0 = Release|Any CPU
		{BCD2496C-2885-4AEE-ABEC-04E1C8A61920}.Release|x64.ActiveCfg = Release|Any CPU
		{BCD2496C-2885-4AEE-ABEC-04E1C8A61920}.Release|x64.Build.0 = Release|Any CPU
		{BCD2496C-2885-4AEE-ABEC-04E1C8A61920}.Release|x86.ActiveCfg = Release|Any CPU
		{BCD2496C-2885-4AEE-ABEC-04E1C8A61920}.Release|x86.Build.0 = Release|Any CPU
	EndGlobalSection
	GlobalSection(SolutionProperties) = preSolution
		HideSolutionNode = FALSE
	EndGlobalSection
	GlobalSection(ExtensibilityGlobals) = postSolution
		SolutionGuid = {F0004DF0-219F-4851-84A7-DA89FF8DE576}
	EndGlobalSection
EndGlobal
